<Solution>
  <Folder Name="/api/">
    <Project Path="replog-api-auth-core/replog-api-auth-core.csproj" />
    <Project Path="replog-api-auth/replog-api-auth.csproj" />
    <Project Path="replog-api-authorizer/replog-api-authorizer.csproj" />
  </Folder>
  <Folder Name="/tests/">
    <Project Path="replog-api-auth.tests/replog-api-auth.tests.csproj" />
    <Project Path="replog-tests-shared/replog-tests-shared.csproj" />
  </Folder>
</Solution>
